
Microsoft Visual Studio Solution File, Format Version 12.00
# Visual Studio Version 16
VisualStudioVersion = 16.0.31321.278
MinimumVisualStudioVersion = 10.0.40219.1
Project("{FAE04EC0-301F-11D3-BF4B-00C04F79EFBC}") = "Student_Management", "Student_Management.csproj", "{DC5EFCFA-4723-4443-A3BA-0DAE29DC3C29}"
EndProject
Global
	GlobalSection(SolutionConfigurationPlatforms) = preSolution
		Debug|Any CPU = Debug|Any CPU
		Release|Any CPU = Release|Any CPU
	EndGlobalSection
	GlobalSection(ProjectConfigurationPlatforms) = postSolution
		{DC5EFCFA-4723-4443-A3BA-0DAE29DC3C29}.Debug|Any CPU.ActiveCfg = Debug|Any CPU
		{DC5EFCFA-4723-4443-A3BA-0DAE29DC3C29}.Debug|Any CPU.Build.0 = Debug|Any CPU
		{DC5EFCFA-4723-4443-A3BA-0DAE29DC3C29}.Release|Any CPU.ActiveCfg = Release|Any CPU
		{DC5EFCFA-4723-4443-A3BA-0DAE29DC3C29}.Release|Any CPU.Build.0 = Release|Any CPU
	EndGlobalSection
	GlobalSection(SolutionProperties) = preSolution
		HideSolutionNode = FALSE
	EndGlobalSection
	GlobalSection(ExtensibilityGlobals) = postSolution
		SolutionGuid = {4B502444-090D-4522-A70B-F61D00AE2D05}
	EndGlobalSection
EndGlobal
